{
  "name": "Afflatum",
  "lockfileVersion": 3,
  "requires": true,
  "packages": {
    "": {
      "dependencies": {
        "tailwind-scrollbar-hide": "^2.0.0"
      }
    },
    "node_modules/tailwind-scrollbar-hide": {
      "version": "2.0.0",
      "resolved": "https://registry.npmjs.org/tailwind-scrollbar-hide/-/tailwind-scrollbar-hide-2.0.0.tgz",
      "integrity": "sha512-lqiIutHliEiODwBRHy4G2+Tcayo2U7+3+4frBmoMETD72qtah+XhOk5XcPzC1nJvXhXUdfl2ajlMhUc2qC6CIg==",
      "license": "MIT",
      "peerDependencies": {
        "tailwindcss": ">=3.0.0 || >= 4.0.0 || >= 4.0.0-beta.8 || >= 4.0.0-alpha.20"
      }
    },
    "node_modules/tailwindcss": {
      "version": "4.1.7",
      "resolved": "https://registry.npmjs.org/tailwindcss/-/tailwindcss-4.1.7.tgz",
      "integrity": "sha512-kr1o/ErIdNhTz8uzAYL7TpaUuzKIE6QPQ4qmSdxnoX/lo+5wmUHQA6h3L5yIqEImSRnAAURDirLu/BgiXGPAhg==",
      "license": "MIT",
      "peer": true
    }
  }
}
